// !$*UTF8*$!
{
	archiveVersion = 1;
	classes = {
	};
	objectVersion = 46;
	objects = {

/* Begin PBXBuildFile section */
		13812CCD1981DD0A009394DB /* Foundation.framework in Frameworks */ = {isa = PBXBuildFile; fileRef = 13812CCC1981DD0A009394DB /* Foundation.framework */; };
		13812CCF1981DD0A009394DB /* CoreGraphics.framework in Frameworks */ = {isa = PBXBuildFile; fileRef = 13812CCE1981DD0A009394DB /* CoreGraphics.framework */; };
		13812CD11981DD0A009394DB /* UIKit.framework in Frameworks */ = {isa = PBXBuildFile; fileRef = 13812CD01981DD0A009394DB /* UIKit.framework */; };
		13812CD71981DD0A009394DB /* InfoPlist.strings in Resources */ = {isa = PBXBuildFile; fileRef = 13812CD51981DD0A009394DB /* InfoPlist.strings */; };
		13812CD91981DD0A009394DB /* main.m in Sources */ = {isa = PBXBuildFile; fileRef = 13812CD81981DD0A009394DB /* main.m */; };
		13812CDD1981DD0A009394DB /* AppDelegate.m in Sources */ = {isa = PBXBuildFile; fileRef = 13812CDC1981DD0A009394DB /* AppDelegate.m */; };
		13812CDF1981DD0A009394DB /* Images.xcassets in Resources */ = {isa = PBXBuildFile; fileRef = 13812CDE1981DD0A009394DB /* Images.xcassets */; };
		13812CE61981DD0A009394DB /* XCTest.framework in Frameworks */ = {isa = PBXBuildFile; fileRef = 13812CE51981DD0A009394DB /* XCTest.framework */; };
		13812CE71981DD0A009394DB /* Foundation.framework in Frameworks */ = {isa = PBXBuildFile; fileRef = 13812CCC1981DD0A009394DB /* Foundation.framework */; };
		13812CE81981DD0A009394DB /* UIKit.framework in Frameworks */ = {isa = PBXBuildFile; fileRef = 13812CD01981DD0A009394DB /* UIKit.framework */; };
		13812CF01981DD0A009394DB /* InfoPlist.strings in Resources */ = {isa = PBXBuildFile; fileRef = 13812CEE1981DD0A009394DB /* InfoPlist.strings */; };
		13812CF21981DD0A009394DB /* TAAlertViewTests.m in Sources */ = {isa = PBXBuildFile; fileRef = 13812CF11981DD0A009394DB /* TAAlertViewTests.m */; };
		13812CFE1981DD56009394DB /* TAAlertView.m in Sources */ = {isa = PBXBuildFile; fileRef = 13812CFC1981DD56009394DB /* TAAlertView.m */; };
		13812CFF1981DD56009394DB /* TAAlertView.xib in Resources */ = {isa = PBXBuildFile; fileRef = 13812CFD1981DD56009394DB /* TAAlertView.xib */; };
		13812D021981DDE3009394DB /* ViewController.m in Sources */ = {isa = PBXBuildFile; fileRef = 13812D011981DDE3009394DB /* ViewController.m */; };
/* End PBXBuildFile section */

/* Begin PBXContainerItemProxy section */
		13812CE91981DD0A009394DB /* PBXContainerItemProxy */ = {
			isa = PBXContainerItemProxy;
			containerPortal = 13812CC11981DD0A009394DB /* Project object */;
			proxyType = 1;
			remoteGlobalIDString = 13812CC81981DD0A009394DB;
			remoteInfo = TAAlertView;
		};
/* End PBXContainerItemProxy section */

/* Begin PBXFileReference section */
		13812CC91981DD0A009394DB /* TAAlertView.app */ = {isa = PBXFileReference; explicitFileType = wrapper.application; includeInIndex = 0; path = TAAlertView.app; sourceTree = BUILT_PRODUCTS_DIR; };
		13812CCC1981DD0A009394DB /* Foundation.framework */ = {isa = PBXFileReference; lastKnownFileType = wrapper.framework; name = Foundation.framework; path = System/Library/Frameworks/Foundation.framework; sourceTree = SDKROOT; };
		13812CCE1981DD0A009394DB /* CoreGraphics.framework */ = {isa = PBXFileReference; lastKnownFileType = wrapper.framework; name = CoreGraphics.framework; path = System/Library/Frameworks/CoreGraphics.framework; sourceTree = SDKROOT; };
		13812CD01981DD0A009394DB /* UIKit.framework */ = {isa = PBXFileReference; lastKnownFileType = wrapper.framework; name = UIKit.framework; path = System/Library/Frameworks/UIKit.framework; sourceTree = SDKROOT; };
		13812CD41981DD0A009394DB /* TAAlertView-Info.plist */ = {isa = PBXFileReference; lastKnownFileType = text.plist.xml; path = "TAAlertView-Info.plist"; sourceTree = "<group>"; };
		13812CD61981DD0A009394DB /* en */ = {isa = PBXFileReference; lastKnownFileType = text.plist.strings; name = en; path = en.lproj/InfoPlist.strings; sourceTree = "<group>"; };
		13812CD81981DD0A009394DB /* main.m */ = {isa = PBXFileReference; lastKnownFileType = sourcecode.c.objc; path = main.m; sourceTree = "<group>"; };
		13812CDA1981DD0A009394DB /* TAAlertView-Prefix.pch */ = {isa = PBXFileReference; lastKnownFileType = sourcecode.c.h; path = "TAAlertView-Prefix.pch"; sourceTree = "<group>"; };
		13812CDB1981DD0A009394DB /* AppDelegate.h */ = {isa = PBXFileReference; lastKnownFileType = sourcecode.c.h; path = AppDelegate.h; sourceTree = "<group>"; };
		13812CDC1981DD0A009394DB /* AppDelegate.m */ = {isa = PBXFileReference; lastKnownFileType = sourcecode.c.objc; path = AppDelegate.m; sourceTree = "<group>"; };
		13812CDE1981DD0A009394DB /* Images.xcassets */ = {isa = PBXFileReference; lastKnownFileType = folder.assetcatalog; path = Images.xcassets; sourceTree = "<group>"; };
		13812CE41981DD0A009394DB /* TAAlertViewTests.xctest */ = {isa = PBXFileReference; explicitFileType = wrapper.cfbundle; includeInIndex = 0; path = TAAlertViewTests.xctest; sourceTree = BUILT_PRODUCTS_DIR; };
		13812CE51981DD0A009394DB /* XCTest.framework */ = {isa = PBXFileReference; lastKnownFileType = wrapper.framework; name = XCTest.framework; path = Library/Frameworks/XCTest.framework; sourceTree = DEVELOPER_DIR; };
		13812CED1981DD0A009394DB /* TAAlertViewTests-Info.plist */ = {isa = PBXFileReference; lastKnownFileType = text.plist.xml; path = "TAAlertViewTests-Info.plist"; sourceTree = "<group>"; };
		13812CEF1981DD0A009394DB /* en */ = {isa = PBXFileReference; lastKnownFileType = text.plist.strings; name = en; path = en.lproj/InfoPlist.strings; sourceTree = "<group>"; };
		13812CF11981DD0A009394DB /* TAAlertViewTests.m */ = {isa = PBXFileReference; lastKnownFileType = sourcecode.c.objc; path = TAAlertViewTests.m; sourceTree = "<group>"; };
		13812CFB1981DD56009394DB /* TAAlertView.h */ = {isa = PBXFileReference; fileEncoding = 4; lastKnownFileType = sourcecode.c.h; path = TAAlertView.h; sourceTree = "<group>"; };
		13812CFC1981DD56009394DB /* TAAlertView.m */ = {isa = PBXFileReference; fileEncoding = 4; lastKnownFileType = sourcecode.c.objc; path = TAAlertView.m; sourceTree = "<group>"; };
		13812CFD1981DD56009394DB /* TAAlertView.xib */ = {isa = PBXFileReference; fileEncoding = 4; lastKnownFileType = file.xib; path = TAAlertView.xib; sourceTree = "<group>"; };
		13812D001981DDE3009394DB /* ViewController.h */ = {isa = PBXFileReference; fileEncoding = 4; lastKnownFileType = sourcecode.c.h; path = ViewController.h; sourceTree = "<group>"; };
		13812D011981DDE3009394DB /* ViewController.m */ = {isa = PBXFileReference; fileEncoding = 4; lastKnownFileType = sourcecode.c.objc; path = ViewController.m; sourceTree = "<group>"; };
/* End PBXFileReference section */

/* Begin PBXFrameworksBuildPhase section */
		13812CC61981DD0A009394DB /* Frameworks */ = {
			isa = PBXFrameworksBuildPhase;
			buildActionMask = 2147483647;
			files = (
				13812CCF1981DD0A009394DB /* CoreGraphics.framework in Frameworks */,
				13812CD11981DD0A009394DB /* UIKit.framework in Frameworks */,
				13812CCD1981DD0A009394DB /* Foundation.framework in Frameworks */,
			);
			runOnlyForDeploymentPostprocessing = 0;
		};
		13812CE11981DD0A009394DB /* Frameworks */ = {
			isa = PBXFrameworksBuildPhase;
			buildActionMask = 2147483647;
			files = (
				13812CE61981DD0A009394DB /* XCTest.framework in Frameworks */,
				13812CE81981DD0A009394DB /* UIKit.framework in Frameworks */,
				13812CE71981DD0A009394DB /* Foundation.framework in Frameworks */,
			);
			runOnlyForDeploymentPostprocessing = 0;
		};
/* End PBXFrameworksBuildPhase section */

/* Begin PBXGroup section */
		13812CC01981DD0A009394DB = {
			isa = PBXGroup;
			children = (
				13812CD21981DD0A009394DB /* TAAlertView */,
				13812CEB1981DD0A009394DB /* TAAlertViewTests */,
				13812CCB1981DD0A009394DB /* Frameworks */,
				13812CCA1981DD0A009394DB /* Products */,
			);
			sourceTree = "<group>";
		};
		13812CCA1981DD0A009394DB /* Products */ = {
			isa = PBXGroup;
			children = (
				13812CC91981DD0A009394DB /* TAAlertView.app */,
				13812CE41981DD0A009394DB /* TAAlertViewTests.xctest */,
			);
			name = Products;
			sourceTree = "<group>";
		};
		13812CCB1981DD0A009394DB /* Frameworks */ = {
			isa = PBXGroup;
			children = (
				13812CCC1981DD0A009394DB /* Foundation.framework */,
				13812CCE1981DD0A009394DB /* CoreGraphics.framework */,
				13812CD01981DD0A009394DB /* UIKit.framework */,
				13812CE51981DD0A009394DB /* XCTest.framework */,
			);
			name = Frameworks;
			sourceTree = "<group>";
		};
		13812CD21981DD0A009394DB /* TAAlertView */ = {
			isa = PBXGroup;
			children = (
				13812CFB1981DD56009394DB /* TAAlertView.h */,
				13812CFC1981DD56009394DB /* TAAlertView.m */,
				13812CFD1981DD56009394DB /* TAAlertView.xib */,
				13812CDB1981DD0A009394DB /* AppDelegate.h */,
				13812CDC1981DD0A009394DB /* AppDelegate.m */,
				13812CDE1981DD0A009394DB /* Images.xcassets */,
				13812CD31981DD0A009394DB /* Supporting Files */,
				13812D001981DDE3009394DB /* ViewController.h */,
				13812D011981DDE3009394DB /* ViewController.m */,
			);
			path = TAAlertView;
			sourceTree = "<group>";
		};
		13812CD31981DD0A009394DB /* Supporting Files */ = {
			isa = PBXGroup;
			children = (
				13812CD41981DD0A009394DB /* TAAlertView-Info.plist */,
				13812CD51981DD0A009394DB /* InfoPlist.strings */,
				13812CD81981DD0A009394DB /* main.m */,
				13812CDA1981DD0A009394DB /* TAAlertView-Prefix.pch */,
			);
			name = "Supporting Files";
			sourceTree = "<group>";
		};
		13812CEB1981DD0A009394DB /* TAAlertViewTests */ = {
			isa = PBXGroup;
			children = (
				13812CF11981DD0A009394DB /* TAAlertViewTests.m */,
				13812CEC1981DD0A009394DB /* Supporting Files */,
			);
			path = TAAlertViewTests;
			sourceTree = "<group>";
		};
		13812CEC1981DD0A009394DB /* Supporting Files */ = {
			isa = PBXGroup;
			children = (
				13812CED1981DD0A009394DB /* TAAlertViewTests-Info.plist */,
				13812CEE1981DD0A009394DB /* InfoPlist.strings */,
			);
			name = "Supporting Files";
			sourceTree = "<group>";
		};
/* End PBXGroup section */

/* Begin PBXNativeTarget section */
		13812CC81981DD0A009394DB /* TAAlertView */ = {
			isa = PBXNativeTarget;
			buildConfigurationList = 13812CF51981DD0A009394DB /* Build configuration list for PBXNativeTarget "TAAlertView" */;
			buildPhases = (
				13812CC51981DD0A009394DB /* Sources */,
				13812CC61981DD0A009394DB /* Frameworks */,
				13812CC71981DD0A009394DB /* Resources */,
			);
			buildRules = (
			);
			dependencies = (
			);
			name = TAAlertView;
			productName = TAAlertView;
			productReference = 13812CC91981DD0A009394DB /* TAAlertView.app */;
			productType = "com.apple.product-type.application";
		};
		13812CE31981DD0A009394DB /* TAAlertViewTests */ = {
			isa = PBXNativeTarget;
			buildConfigurationList = 13812CF81981DD0A009394DB /* Build configuration list for PBXNativeTarget "TAAlertViewTests" */;
			buildPhases = (
				13812CE01981DD0A009394DB /* Sources */,
				13812CE11981DD0A009394DB /* Frameworks */,
				13812CE21981DD0A009394DB /* Resources */,
			);
			buildRules = (
			);
			dependencies = (
				13812CEA1981DD0A009394DB /* PBXTargetDependency */,
			);
			name = TAAlertViewTests;
			productName = TAAlertViewTests;
			productReference = 13812CE41981DD0A009394DB /* TAAlertViewTests.xctest */;
			productType = "com.apple.product-type.bundle.unit-test";
		};
/* End PBXNativeTarget section */

/* Begin PBXProject section */
		13812CC11981DD0A009394DB /* Project object */ = {
			isa = PBXProject;
			attributes = {
				LastUpgradeCheck = 0510;
				ORGANIZATIONNAME = "TringApps, Inc";
				TargetAttributes = {
					13812CE31981DD0A009394DB = {
						TestTargetID = 13812CC81981DD0A009394DB;
					};
				};
			};
			buildConfigurationList = 13812CC41981DD0A009394DB /* Build configuration list for PBXProject "TAAlertView" */;
			compatibilityVersion = "Xcode 3.2";
			developmentRegion = English;
			hasScannedForEncodings = 0;
			knownRegions = (
				en,
			);
			mainGroup = 13812CC01981DD0A009394DB;
			productRefGroup = 13812CCA1981DD0A009394DB /* Products */;
			projectDirPath = "";
			projectRoot = "";
			targets = (
				13812CC81981DD0A009394DB /* TAAlertView */,
				13812CE31981DD0A009394DB /* TAAlertViewTests */,
			);
		};
/* End PBXProject section */

/* Begin PBXResourcesBuildPhase section */
		13812CC71981DD0A009394DB /* Resources */ = {
			isa = PBXResourcesBuildPhase;
			buildActionMask = 2147483647;
			files = (
				13812CD71981DD0A009394DB /* InfoPlist.strings in Resources */,
				13812CFF1981DD56009394DB /* TAAlertView.xib in Resources */,
				13812CDF1981DD0A009394DB /* Images.xcassets in Resources */,
			);
			runOnlyForDeploymentPostprocessing = 0;
		};
		13812CE21981DD0A009394DB /* Resources */ = {
			isa = PBXResourcesBuildPhase;
			buildActionMask = 2147483647;
			files = (
				13812CF01981DD0A009394DB /* InfoPlist.strings in Resources */,
			);
			runOnlyForDeploymentPostprocessing = 0;
		};
/* End PBXResourcesBuildPhase section */

/* Begin PBXSourcesBuildPhase section */
		13812CC51981DD0A009394DB /* Sources */ = {
			isa = PBXSourcesBuildPhase;
			buildActionMask = 2147483647;
			files = (
				13812CDD1981DD0A009394DB /* AppDelegate.m in Sources */,
				13812CD91981DD0A009394DB /* main.m in Sources */,
				13812D021981DDE3009394DB /* ViewController.m in Sources */,
				13812CFE1981DD56009394DB /* TAAlertView.m in Sources */,
			);
			runOnlyForDeploymentPostprocessing = 0;
		};
		13812CE01981DD0A009394DB /* Sources */ = {
			isa = PBXSourcesBuildPhase;
			buildActionMask = 2147483647;
			files = (
				13812CF21981DD0A009394DB /* TAAlertViewTests.m in Sources */,
			);
			runOnlyForDeploymentPostprocessing = 0;
		};
/* End PBXSourcesBuildPhase section */

/* Begin PBXTargetDependency section */
		13812CEA1981DD0A009394DB /* PBXTargetDependency */ = {
			isa = PBXTargetDependency;
			target = 13812CC81981DD0A009394DB /* TAAlertView */;
			targetProxy = 13812CE91981DD0A009394DB /* PBXContainerItemProxy */;
		};
/* End PBXTargetDependency section */

/* Begin PBXVariantGroup section */
		13812CD51981DD0A009394DB /* InfoPlist.strings */ = {
			isa = PBXVariantGroup;
			children = (
				13812CD61981DD0A009394DB /* en */,
			);
			name = InfoPlist.strings;
			sourceTree = "<group>";
		};
		13812CEE1981DD0A009394DB /* InfoPlist.strings */ = {
			isa = PBXVariantGroup;
			children = (
				13812CEF1981DD0A009394DB /* en */,
			);
			name = InfoPlist.strings;
			sourceTree = "<group>";
		};
/* End PBXVariantGroup section */

/* Begin XCBuildConfiguration section */
		13812CF31981DD0A009394DB /* Debug */ = {
			isa = XCBuildConfiguration;
			buildSettings = {
				ALWAYS_SEARCH_USER_PATHS = NO;
				CLANG_CXX_LANGUAGE_STANDARD = "gnu++0x";
				CLANG_CXX_LIBRARY = "libc++";
				CLANG_ENABLE_MODULES = YES;
				CLANG_ENABLE_OBJC_ARC = YES;
				CLANG_WARN_BOOL_CONVERSION = YES;
				CLANG_WARN_CONSTANT_CONVERSION = YES;
				CLANG_WARN_DIRECT_OBJC_ISA_USAGE = YES_ERROR;
				CLANG_WARN_EMPTY_BODY = YES;
				CLANG_WARN_ENUM_CONVERSION = YES;
				CLANG_WARN_INT_CONVERSION = YES;
				CLANG_WARN_OBJC_ROOT_CLASS = YES_ERROR;
				CLANG_WARN__DUPLICATE_METHOD_MATCH = YES;
				"CODE_SIGN_IDENTITY[sdk=iphoneos*]" = "iPhone Developer";
				COPY_PHASE_STRIP = NO;
				GCC_C_LANGUAGE_STANDARD = gnu99;
				GCC_DYNAMIC_NO_PIC = NO;
				GCC_OPTIMIZATION_LEVEL = 0;
				GCC_PREPROCESSOR_DEFINITIONS = (
					"DEBUG=1",
					"$(inherited)",
				);
				GCC_SYMBOLS_PRIVATE_EXTERN = NO;
				GCC_WARN_64_TO_32_BIT_CONVERSION = YES;
				GCC_WARN_ABOUT_RETURN_TYPE = YES_ERROR;
				GCC_WARN_UNDECLARED_SELECTOR = YES;
				GCC_WARN_UNINITIALIZED_AUTOS = YES_AGGRESSIVE;
				GCC_WARN_UNUSED_FUNCTION = YES;
				GCC_WARN_UNUSED_VARIABLE = YES;
				IPHONEOS_DEPLOYMENT_TARGET = 7.1;
				ONLY_ACTIVE_ARCH = YES;
				SDKROOT = iphoneos;
				TARGETED_DEVICE_FAMILY = "1,2";
			};
			name = Debug;
		};
		13812CF41981DD0A009394DB /* Release */ = {
			isa = XCBuildConfiguration;
			buildSettings = {
				ALWAYS_SEARCH_USER_PATHS = NO;
				CLANG_CXX_LANGUAGE_STANDARD = "gnu++0x";
				CLANG_CXX_LIBRARY = "libc++";
				CLANG_ENABLE_MODULES = YES;
				CLANG_ENABLE_OBJC_ARC = YES;
				CLANG_WARN_BOOL_CONVERSION = YES;
				CLANG_WARN_CONSTANT_CONVERSION = YES;
				CLANG_WARN_DIRECT_OBJC_ISA_USAGE = YES_ERROR;
				CLANG_WARN_EMPTY_BODY = YES;
				CLANG_WARN_ENUM_CONVERSION = YES;
				CLANG_WARN_INT_CONVERSION = YES;
				CLANG_WARN_OBJC_ROOT_CLASS = YES_ERROR;
				CLANG_WARN__DUPLICATE_METHOD_MATCH = YES;
				"CODE_SIGN_IDENTITY[sdk=iphoneos*]" = "iPhone Developer";
				COPY_PHASE_STRIP = YES;
				ENABLE_NS_ASSERTIONS = NO;
				GCC_C_LANGUAGE_STANDARD = gnu99;
				GCC_WARN_64_TO_32_BIT_CONVERSION = YES;
				GCC_WARN_ABOUT_RETURN_TYPE = YES_ERROR;
				GCC_WARN_UNDECLARED_SELECTOR = YES;
				GCC_WARN_UNINITIALIZED_AUTOS = YES_AGGRESSIVE;
				GCC_WARN_UNUSED_FUNCTION = YES;
				GCC_WARN_UNUSED_VARIABLE = YES;
				IPHONEOS_DEPLOYMENT_TARGET = 7.1;
				SDKROOT = iphoneos;
				TARGETED_DEVICE_FAMILY = "1,2";
				VALIDATE_PRODUCT = YES;
			};
			name = Release;
		};
		13812CF61981DD0A009394DB /* Debug */ = {
			isa = XCBuildConfiguration;
			buildSettings = {
				ASSETCATALOG_COMPILER_APPICON_NAME = AppIcon;
				ASSETCATALOG_COMPILER_LAUNCHIMAGE_NAME = LaunchImage;
				GCC_PRECOMPILE_PREFIX_HEADER = YES;
				GCC_PREFIX_HEADER = "TAAlertView/TAAlertView-Prefix.pch";
				INFOPLIST_FILE = "TAAlertView/TAAlertView-Info.plist";
				PRODUCT_NAME = "$(TARGET_NAME)";
				WRAPPER_EXTENSION = app;
			};
			name = Debug;
		};
		13812CF71981DD0A009394DB /* Release */ = {
			isa = XCBuildConfiguration;
			buildSettings = {
				ASSETCATALOG_COMPILER_APPICON_NAME = AppIcon;
				ASSETCATALOG_COMPILER_LAUNCHIMAGE_NAME = LaunchImage;
				GCC_PRECOMPILE_PREFIX_HEADER = YES;
				GCC_PREFIX_HEADER = "TAAlertView/TAAlertView-Prefix.pch";
				INFOPLIST_FILE = "TAAlertView/TAAlertView-Info.plist";
				PRODUCT_NAME = "$(TARGET_NAME)";
				WRAPPER_EXTENSION = app;
			};
			name = Release;
		};
		13812CF91981DD0A009394DB /* Debug */ = {
			isa = XCBuildConfiguration;
			buildSettings = {
				BUNDLE_LOADER = "$(BUILT_PRODUCTS_DIR)/TAAlertView.app/TAAlertView";
				FRAMEWORK_SEARCH_PATHS = (
					"$(SDKROOT)/Developer/Library/Frameworks",
					"$(inherited)",
					"$(DEVELOPER_FRAMEWORKS_DIR)",
				);
				GCC_PRECOMPILE_PREFIX_HEADER = YES;
				GCC_PREFIX_HEADER = "TAAlertView/TAAlertView-Prefix.pch";
				GCC_PREPROCESSOR_DEFINITIONS = (
					"DEBUG=1",
					"$(inherited)",
				);
				INFOPLIST_FILE = "TAAlertViewTests/TAAlertViewTests-Info.plist";
				PRODUCT_NAME = "$(TARGET_NAME)";
				TEST_HOST = "$(BUNDLE_LOADER)";
				WRAPPER_EXTENSION = xctest;
			};
			name = Debug;
		};
		13812CFA1981DD0A009394DB /* Release */ = {
			isa = XCBuildConfiguration;
			buildSettings = {
				BUNDLE_LOADER = "$(BUILT_PRODUCTS_DIR)/TAAlertView.app/TAAlertView";
				FRAMEWORK_SEARCH_PATHS = (
					"$(SDKROOT)/Developer/Library/Frameworks",
					"$(inherited)",
					"$(DEVELOPER_FRAMEWORKS_DIR)",
				);
				GCC_PRECOMPILE_PREFIX_HEADER = YES;
				GCC_PREFIX_HEADER = "TAAlertView/TAAlertView-Prefix.pch";
				INFOPLIST_FILE = "TAAlertViewTests/TAAlertViewTests-Info.plist";
				PRODUCT_NAME = "$(TARGET_NAME)";
				TEST_HOST = "$(BUNDLE_LOADER)";
				WRAPPER_EXTENSION = xctest;
			};
			name = Release;
		};
/* End XCBuildConfiguration section */

/* Begin XCConfigurationList section */
		13812CC41981DD0A009394DB /* Build configuration list for PBXProject "TAAlertView" */ = {
			isa = XCConfigurationList;
			buildConfigurations = (
				13812CF31981DD0A009394DB /* Debug */,
				13812CF41981DD0A009394DB /* Release */,
			);
			defaultConfigurationIsVisible = 0;
			defaultConfigurationName = Release;
		};
		13812CF51981DD0A009394DB /* Build configuration list for PBXNativeTarget "TAAlertView" */ = {
			isa = XCConfigurationList;
			buildConfigurations = (
				13812CF61981DD0A009394DB /* Debug */,
				13812CF71981DD0A009394DB /* Release */,
			);
			defaultConfigurationIsVisible = 0;
		};
		13812CF81981DD0A009394DB /* Build configuration list for PBXNativeTarget "TAAlertViewTests" */ = {
			isa = XCConfigurationList;
			buildConfigurations = (
				13812CF91981DD0A009394DB /* Debug */,
				13812CFA1981DD0A009394DB /* Release */,
			);
			defaultConfigurationIsVisible = 0;
		};
/* End XCConfigurationList section */
	};
	rootObject = 13812CC11981DD0A009394DB /* Project object */;
}
